
Microsoft Visual Studio Solution File, Format Version 12.00
# Visual Studio Version 16
VisualStudioVersion = 16.0.30804.86
MinimumVisualStudioVersion = 10.0.40219.1
Project("{FAE04EC0-301F-11D3-BF4B-00C04F79EFBC}") = "SIIRobot", "SIIRobot.csproj", "{AF638FE3-2DB5-44F2-850E-AA50D6857DBD}"
EndProject
Global
	GlobalSection(SolutionConfigurationPlatforms) = preSolution
		Debug|Any CPU = Debug|Any CPU
		Release|Any CPU = Release|Any CPU
	EndGlobalSection
	GlobalSection(ProjectConfigurationPlatforms) = postSolution
		{AF638FE3-2DB5-44F2-850E-AA50D6857DBD}.Debug|Any CPU.ActiveCfg = Debug|Any CPU
		{AF638FE3-2DB5-44F2-850E-AA50D6857DBD}.Debug|Any CPU.Build.0 = Debug|Any CPU
		{AF638FE3-2DB5-44F2-850E-AA50D6857DBD}.Release|Any CPU.ActiveCfg = Release|Any CPU
		{AF638FE3-2DB5-44F2-850E-AA50D6857DBD}.Release|Any CPU.Build.0 = Release|Any CPU
	EndGlobalSection
	GlobalSection(SolutionProperties) = preSolution
		HideSolutionNode = FALSE
	EndGlobalSection
	GlobalSection(ExtensibilityGlobals) = postSolution
		SolutionGuid = {4FE0FD13-7502-4274-ACC2-3837377E6066}
	EndGlobalSection
EndGlobal
